// !$*UTF8*$!
{
	archiveVersion = 1;
	classes = {
	};
	objectVersion = 50;
	objects = {

/* Begin PBXBuildFile section */
		BAA81F4D2475B28E004EA5EE /* AppDelegate.swift in Sources */ = {isa = PBXBuildFile; fileRef = BAA81F4C2475B28E004EA5EE /* AppDelegate.swift */; };
		BAA81F4F2475B28E004EA5EE /* SceneDelegate.swift in Sources */ = {isa = PBXBuildFile; fileRef = BAA81F4E2475B28E004EA5EE /* SceneDelegate.swift */; };
		BAA81F512475B28E004EA5EE /* ViewController.swift in Sources */ = {isa = PBXBuildFile; fileRef = BAA81F502475B28E004EA5EE /* ViewController.swift */; };
		BAA81F542475B28E004EA5EE /* Main.storyboard in Resources */ = {isa = PBXBuildFile; fileRef = BAA81F522475B28E004EA5EE /* Main.storyboard */; };
		BAA81F562475B290004EA5EE /* Assets.xcassets in Resources */ = {isa = PBXBuildFile; fileRef = BAA81F552475B290004EA5EE /* Assets.xcassets */; };
		BAA81F592475B290004EA5EE /* LaunchScreen.storyboard in Resources */ = {isa = PBXBuildFile; fileRef = BAA81F572475B290004EA5EE /* LaunchScreen.storyboard */; };
		BAA81F612475B38B004EA5EE /* WebViewController.swift in Sources */ = {isa = PBXBuildFile; fileRef = BAA81F602475B38B004EA5EE /* WebViewController.swift */; };
/* End PBXBuildFile section */

/* Begin PBXFileReference section */
		BAA81F492475B28E004EA5EE /* URLRedirectDemo.app */ = {isa = PBXFileReference; explicitFileType = wrapper.application; includeInIndex = 0; path = URLRedirectDemo.app; sourceTree = BUILT_PRODUCTS_DIR; };
		BAA81F4C2475B28E004EA5EE /* AppDelegate.swift */ = {isa = PBXFileReference; lastKnownFileType = sourcecode.swift; path = AppDelegate.swift; sourceTree = "<group>"; };
		BAA81F4E2475B28E004EA5EE /* SceneDelegate.swift */ = {isa = PBXFileReference; lastKnownFileType = sourcecode.swift; path = SceneDelegate.swift; sourceTree = "<group>"; };
		BAA81F502475B28E004EA5EE /* ViewController.swift */ = {isa = PBXFileReference; lastKnownFileType = sourcecode.swift; path = ViewController.swift; sourceTree = "<group>"; };
		BAA81F532475B28E004EA5EE /* Base */ = {isa = PBXFileReference; lastKnownFileType = file.storyboard; name = Base; path = Base.lproj/Main.storyboard; sourceTree = "<group>"; };
		BAA81F552475B290004EA5EE /* Assets.xcassets */ = {isa = PBXFileReference; lastKnownFileType = folder.assetcatalog; path = Assets.xcassets; sourceTree = "<group>"; };
		BAA81F582475B290004EA5EE /* Base */ = {isa = PBXFileReference; lastKnownFileType = file.storyboard; name = Base; path = Base.lproj/LaunchScreen.storyboard; sourceTree = "<group>"; };
		BAA81F5A2475B290004EA5EE /* Info.plist */ = {isa = PBXFileReference; lastKnownFileType = text.plist.xml; path = Info.plist; sourceTree = "<group>"; };
		BAA81F602475B38B004EA5EE /* WebViewController.swift */ = {isa = PBXFileReference; lastKnownFileType = sourcecode.swift; path = WebViewController.swift; sourceTree = "<group>"; };
/* End PBXFileReference section */

/* Begin PBXFrameworksBuildPhase section */
		BAA81F462475B28E004EA5EE /* Frameworks */ = {
			isa = PBXFrameworksBuildPhase;
			buildActionMask = 2147483647;
			files = (
			);
			runOnlyForDeploymentPostprocessing = 0;
		};
/* End PBXFrameworksBuildPhase section */

/* Begin PBXGroup section */
		BAA81F402475B28E004EA5EE = {
			isa = PBXGroup;
			children = (
				BAA81F4B2475B28E004EA5EE /* URLRedirectDemo */,
				BAA81F4A2475B28E004EA5EE /* Products */,
			);
			sourceTree = "<group>";
		};
		BAA81F4A2475B28E004EA5EE /* Products */ = {
			isa = PBXGroup;
			children = (
				BAA81F492475B28E004EA5EE /* URLRedirectDemo.app */,
			);
			name = Products;
			sourceTree = "<group>";
		};
		BAA81F4B2475B28E004EA5EE /* URLRedirectDemo */ = {
			isa = PBXGroup;
			children = (
				BAA81F4C2475B28E004EA5EE /* AppDelegate.swift */,
				BAA81F4E2475B28E004EA5EE /* SceneDelegate.swift */,
				BAA81F502475B28E004EA5EE /* ViewController.swift */,
				BAA81F602475B38B004EA5EE /* WebViewController.swift */,
				BAA81F522475B28E004EA5EE /* Main.storyboard */,
				BAA81F552475B290004EA5EE /* Assets.xcassets */,
				BAA81F572475B290004EA5EE /* LaunchScreen.storyboard */,
				BAA81F5A2475B290004EA5EE /* Info.plist */,
			);
			path = URLRedirectDemo;
			sourceTree = "<group>";
		};
/* End PBXGroup section */

/* Begin PBXNativeTarget section */
		BAA81F482475B28E004EA5EE /* URLRedirectDemo */ = {
			isa = PBXNativeTarget;
			buildConfigurationList = BAA81F5D2475B290004EA5EE /* Build configuration list for PBXNativeTarget "URLRedirectDemo" */;
			buildPhases = (
				BAA81F452475B28E004EA5EE /* Sources */,
				BAA81F462475B28E004EA5EE /* Frameworks */,
				BAA81F472475B28E004EA5EE /* Resources */,
			);
			buildRules = (
			);
			dependencies = (
			);
			name = URLRedirectDemo;
			productName = URLRedirectDemo;
			productReference = BAA81F492475B28E004EA5EE /* URLRedirectDemo.app */;
			productType = "com.apple.product-type.application";
		};
/* End PBXNativeTarget section */

/* Begin PBXProject section */
		BAA81F412475B28E004EA5EE /* Project object */ = {
			isa = PBXProject;
			attributes = {
				LastSwiftUpdateCheck = 1140;
				LastUpgradeCheck = 1140;
				ORGANIZATIONNAME = "Tula Weerasooriya";
				TargetAttributes = {
					BAA81F482475B28E004EA5EE = {
						CreatedOnToolsVersion = 11.4.1;
					};
				};
			};
			buildConfigurationList = BAA81F442475B28E004EA5EE /* Build configuration list for PBXProject "URLRedirectDemo" */;
			compatibilityVersion = "Xcode 9.3";
			developmentRegion = en;
			hasScannedForEncodings = 0;
			knownRegions = (
				en,
				Base,
			);
			mainGroup = BAA81F402475B28E004EA5EE;
			productRefGroup = BAA81F4A2475B28E004EA5EE /* Products */;
			projectDirPath = "";
			projectRoot = "";
			targets = (
				BAA81F482475B28E004EA5EE /* URLRedirectDemo */,
			);
		};
/* End PBXProject section */

/* Begin PBXResourcesBuildPhase section */
		BAA81F472475B28E004EA5EE /* Resources */ = {
			isa = PBXResourcesBuildPhase;
			buildActionMask = 2147483647;
			files = (
				BAA81F592475B290004EA5EE /* LaunchScreen.storyboard in Resources */,
				BAA81F562475B290004EA5EE /* Assets.xcassets in Resources */,
				BAA81F542475B28E004EA5EE /* Main.storyboard in Resources */,
			);
			runOnlyForDeploymentPostprocessing = 0;
		};
/* End PBXResourcesBuildPhase section */

/* Begin PBXSourcesBuildPhase section */
		BAA81F452475B28E004EA5EE /* Sources */ = {
			isa = PBXSourcesBuildPhase;
			buildActionMask = 2147483647;
			files = (
				BAA81F512475B28E004EA5EE /* ViewController.swift in Sources */,
				BAA81F4D2475B28E004EA5EE /* AppDelegate.swift in Sources */,
				BAA81F4F2475B28E004EA5EE /* SceneDelegate.swift in Sources */,
				BAA81F612475B38B004EA5EE /* WebViewController.swift in Sources */,
			);
			runOnlyForDeploymentPostprocessing = 0;
		};
/* End PBXSourcesBuildPhase section */

/* Begin PBXVariantGroup section */
		BAA81F522475B28E004EA5EE /* Main.storyboard */ = {
			isa = PBXVariantGroup;
			children = (
				BAA81F532475B28E004EA5EE /* Base */,
			);
			name = Main.storyboard;
			sourceTree = "<group>";
		};
		BAA81F572475B290004EA5EE /* LaunchScreen.storyboard */ = {
			isa = PBXVariantGroup;
			children = (
				BAA81F582475B290004EA5EE /* Base */,
			);
			name = LaunchScreen.storyboard;
			sourceTree = "<group>";
		};
/* End PBXVariantGroup section */

/* Begin XCBuildConfiguration section */
		BAA81F5B2475B290004EA5EE /* Debug */ = {
			isa = XCBuildConfiguration;
			buildSettings = {
				ALWAYS_SEARCH_USER_PATHS = NO;
				CLANG_ANALYZER_NONNULL = YES;
				CLANG_ANALYZER_NUMBER_OBJECT_CONVERSION = YES_AGGRESSIVE;
				CLANG_CXX_LANGUAGE_STANDARD = "gnu++14";
				CLANG_CXX_LIBRARY = "libc++";
				CLANG_ENABLE_MODULES = YES;
				CLANG_ENABLE_OBJC_ARC = YES;
				CLANG_ENABLE_OBJC_WEAK = YES;
				CLANG_WARN_BLOCK_CAPTURE_AUTORELEASING = YES;
				CLANG_WARN_BOOL_CONVERSION = YES;
				CLANG_WARN_COMMA = YES;
				CLANG_WARN_CONSTANT_CONVERSION = YES;
				CLANG_WARN_DEPRECATED_OBJC_IMPLEMENTATIONS = YES;
				CLANG_WARN_DIRECT_OBJC_ISA_USAGE = YES_ERROR;
				CLANG_WARN_DOCUMENTATION_COMMENTS = YES;
				CLANG_WARN_EMPTY_BODY = YES;
				CLANG_WARN_ENUM_CONVERSION = YES;
				CLANG_WARN_INFINITE_RECURSION = YES;
				CLANG_WARN_INT_CONVERSION = YES;
				CLANG_WARN_NON_LITERAL_NULL_CONVERSION = YES;
				CLANG_WARN_OBJC_IMPLICIT_RETAIN_SELF = YES;
				CLANG_WARN_OBJC_LITERAL_CONVERSION = YES;
				CLANG_WARN_OBJC_ROOT_CLASS = YES_ERROR;
				CLANG_WARN_RANGE_LOOP_ANALYSIS = YES;
				CLANG_WARN_STRICT_PROTOTYPES = YES;
				CLANG_WARN_SUSPICIOUS_MOVE = YES;
				CLANG_WARN_UNGUARDED_AVAILABILITY = YES_AGGRESSIVE;
				CLANG_WARN_UNREACHABLE_CODE = YES;
				CLANG_WARN__DUPLICATE_METHOD_MATCH = YES;
				COPY_PHASE_STRIP = NO;
				DEBUG_INFORMATION_FORMAT = dwarf;
				ENABLE_STRICT_OBJC_MSGSEND = YES;
				ENABLE_TESTABILITY = YES;
				GCC_C_LANGUAGE_STANDARD = gnu11;
				GCC_DYNAMIC_NO_PIC = NO;
				GCC_NO_COMMON_BLOCKS = YES;
				GCC_OPTIMIZATION_LEVEL = 0;
				GCC_PREPROCESSOR_DEFINITIONS = (
					"DEBUG=1",
					"$(inherited)",
				);
				GCC_WARN_64_TO_32_BIT_CONVERSION = YES;
				GCC_WARN_ABOUT_RETURN_TYPE = YES_ERROR;
				GCC_WARN_UNDECLARED_SELECTOR = YES;
				GCC_WARN_UNINITIALIZED_AUTOS = YES_AGGRESSIVE;
				GCC_WARN_UNUSED_FUNCTION = YES;
				GCC_WARN_UNUSED_VARIABLE = YES;
				IPHONEOS_DEPLOYMENT_TARGET = 13.4;
				MTL_ENABLE_DEBUG_INFO = INCLUDE_SOURCE;
				MTL_FAST_MATH = YES;
				ONLY_ACTIVE_ARCH = YES;
				SDKROOT = iphoneos;
				SWIFT_ACTIVE_COMPILATION_CONDITIONS = DEBUG;
				SWIFT_OPTIMIZATION_LEVEL = "-Onone";
			};
			name = Debug;
		};
		BAA81F5C2475B290004EA5EE /* Release */ = {
			isa = XCBuildConfiguration;
			buildSettings = {
				ALWAYS_SEARCH_USER_PATHS = NO;
				CLANG_ANALYZER_NONNULL = YES;
				CLANG_ANALYZER_NUMBER_OBJECT_CONVERSION = YES_AGGRESSIVE;
				CLANG_CXX_LANGUAGE_STANDARD = "gnu++14";
				CLANG_CXX_LIBRARY = "libc++";
				CLANG_ENABLE_MODULES = YES;
				CLANG_ENABLE_OBJC_ARC = YES;
				CLANG_ENABLE_OBJC_WEAK = YES;
				CLANG_WARN_BLOCK_CAPTURE_AUTORELEASING = YES;
				CLANG_WARN_BOOL_CONVERSION = YES;
				CLANG_WARN_COMMA = YES;
				CLANG_WARN_CONSTANT_CONVERSION = YES;
				CLANG_WARN_DEPRECATED_OBJC_IMPLEMENTATIONS = YES;
				CLANG_WARN_DIRECT_OBJC_ISA_USAGE = YES_ERROR;
				CLANG_WARN_DOCUMENTATION_COMMENTS = YES;
				CLANG_WARN_EMPTY_BODY = YES;
				CLANG_WARN_ENUM_CONVERSION = YES;
				CLANG_WARN_INFINITE_RECURSION = YES;
				CLANG_WARN_INT_CONVERSION = YES;
				CLANG_WARN_NON_LITERAL_NULL_CONVERSION = YES;
				CLANG_WARN_OBJC_IMPLICIT_RETAIN_SELF = YES;
				CLANG_WARN_OBJC_LITERAL_CONVERSION = YES;
				CLANG_WARN_OBJC_ROOT_CLASS = YES_ERROR;
				CLANG_WARN_RANGE_LOOP_ANALYSIS = YES;
				CLANG_WARN_STRICT_PROTOTYPES = YES;
				CLANG_WARN_SUSPICIOUS_MOVE = YES;
				CLANG_WARN_UNGUARDED_AVAILABILITY = YES_AGGRESSIVE;
				CLANG_WARN_UNREACHABLE_CODE = YES;
				CLANG_WARN__DUPLICATE_METHOD_MATCH = YES;
				COPY_PHASE_STRIP = NO;
				DEBUG_INFORMATION_FORMAT = "dwarf-with-dsym";
				ENABLE_NS_ASSERTIONS = NO;
				ENABLE_STRICT_OBJC_MSGSEND = YES;
				GCC_C_LANGUAGE_STANDARD = gnu11;
				GCC_NO_COMMON_BLOCKS = YES;
				GCC_WARN_64_TO_32_BIT_CONVERSION = YES;
				GCC_WARN_ABOUT_RETURN_TYPE = YES_ERROR;
				GCC_WARN_UNDECLARED_SELECTOR = YES;
				GCC_WARN_UNINITIALIZED_AUTOS = YES_AGGRESSIVE;
				GCC_WARN_UNUSED_FUNCTION = YES;
				GCC_WARN_UNUSED_VARIABLE = YES;
				IPHONEOS_DEPLOYMENT_TARGET = 13.4;
				MTL_ENABLE_DEBUG_INFO = NO;
				MTL_FAST_MATH = YES;
				SDKROOT = iphoneos;
				SWIFT_COMPILATION_MODE = wholemodule;
				SWIFT_OPTIMIZATION_LEVEL = "-O";
				VALIDATE_PRODUCT = YES;
			};
			name = Release;
		};
		BAA81F5E2475B290004EA5EE /* Debug */ = {
			isa = XCBuildConfiguration;
			buildSettings = {
				ASSETCATALOG_COMPILER_APPICON_NAME = AppIcon;
				CODE_SIGN_STYLE = Automatic;
				INFOPLIST_FILE = URLRedirectDemo/Info.plist;
				LD_RUNPATH_SEARCH_PATHS = (
					"$(inherited)",
					"@executable_path/Frameworks",
				);
				PRODUCT_BUNDLE_IDENTIFIER = com.tula.URLRedirectDemo;
				PRODUCT_NAME = "$(TARGET_NAME)";
				SWIFT_VERSION = 5.0;
				TARGETED_DEVICE_FAMILY = "1,2";
			};
			name = Debug;
		};
		BAA81F5F2475B290004EA5EE /* Release */ = {
			isa = XCBuildConfiguration;
			buildSettings = {
				ASSETCATALOG_COMPILER_APPICON_NAME = AppIcon;
				CODE_SIGN_STYLE = Automatic;
				INFOPLIST_FILE = URLRedirectDemo/Info.plist;
				LD_RUNPATH_SEARCH_PATHS = (
					"$(inherited)",
					"@executable_path/Frameworks",
				);
				PRODUCT_BUNDLE_IDENTIFIER = com.tula.URLRedirectDemo;
				PRODUCT_NAME = "$(TARGET_NAME)";
				SWIFT_VERSION = 5.0;
				TARGETED_DEVICE_FAMILY = "1,2";
			};
			name = Release;
		};
/* End XCBuildConfiguration section */

/* Begin XCConfigurationList section */
		BAA81F442475B28E004EA5EE /* Build configuration list for PBXProject "URLRedirectDemo" */ = {
			isa = XCConfigurationList;
			buildConfigurations = (
				BAA81F5B2475B290004EA5EE /* Debug */,
				BAA81F5C2475B290004EA5EE /* Release */,
			);
			defaultConfigurationIsVisible = 0;
			defaultConfigurationName = Release;
		};
		BAA81F5D2475B290004EA5EE /* Build configuration list for PBXNativeTarget "URLRedirectDemo" */ = {
			isa = XCConfigurationList;
			buildConfigurations = (
				BAA81F5E2475B290004EA5EE /* Debug */,
				BAA81F5F2475B290004EA5EE /* Release */,
			);
			defaultConfigurationIsVisible = 0;
			defaultConfigurationName = Release;
		};
/* End XCConfigurationList section */
	};
	rootObject = BAA81F412475B28E004EA5EE /* Project object */;
}
